
Microsoft Visual Studio Solution File, Format Version 12.00
# Visual Studio Version 16
VisualStudioVersion = 16.0.29411.108
MinimumVisualStudioVersion = 10.0.40219.1
Project("{FAE04EC0-301F-11D3-BF4B-00C04F79EFBC}") = "Testtform", "Testtform\Testtform.csproj", "{D3AEF30B-31ED-4DD0-9EAF-98BDFE8CF990}"
EndProject
Global
	GlobalSection(SolutionConfigurationPlatforms) = preSolution
		Debug|Any CPU = Debug|Any CPU
		Release|Any CPU = Release|Any CPU
	EndGlobalSection
	GlobalSection(ProjectConfigurationPlatforms) = postSolution
		{D3AEF30B-31ED-4DD0-9EAF-98BDFE8CF990}.Debug|Any CPU.ActiveCfg = Debug|Any CPU
		{D3AEF30B-31ED-4DD0-9EAF-98BDFE8CF990}.Debug|Any CPU.Build.0 = Debug|Any CPU
		{D3AEF30B-31ED-4DD0-9EAF-98BDFE8CF990}.Release|Any CPU.ActiveCfg = Release|Any CPU
		{D3AEF30B-31ED-4DD0-9EAF-98BDFE8CF990}.Release|Any CPU.Build.0 = Release|Any CPU
	EndGlobalSection
	GlobalSection(SolutionProperties) = preSolution
		HideSolutionNode = FALSE
	EndGlobalSection
	GlobalSection(ExtensibilityGlobals) = postSolution
		SolutionGuid = {66BCF4D3-934D-4697-BED4-040AE85CAFAB}
	EndGlobalSection
EndGlobal
